
Microsoft Visual Studio Solution File, Format Version 12.00
# Visual Studio Version 17
VisualStudioVersion = 17.14.36414.22 d17.14
MinimumVisualStudioVersion = 10.0.40219.1
Project("{FAE04EC0-301F-11D3-BF4B-00C04F79EFBC}") = "DVD screensaver", "DVD screensaver\DVD screensaver.csproj", "{B048C051-9883-493B-9502-D45CE8BE6BA9}"
EndProject
Global
	GlobalSection(SolutionConfigurationPlatforms) = preSolution
		Debug|Any CPU = Debug|Any CPU
		Release|Any CPU = Release|Any CPU
	EndGlobalSection
	GlobalSection(ProjectConfigurationPlatforms) = postSolution
		{B048C051-9883-493B-9502-D45CE8BE6BA9}.Debug|Any CPU.ActiveCfg = Debug|Any CPU
		{B048C051-9883-493B-9502-D45CE8BE6BA9}.Debug|Any CPU.Build.0 = Debug|Any CPU
		{B048C051-9883-493B-9502-D45CE8BE6BA9}.Release|Any CPU.ActiveCfg = Release|Any CPU
		{B048C051-9883-493B-9502-D45CE8BE6BA9}.Release|Any CPU.Build.0 = Release|Any CPU
	EndGlobalSection
	GlobalSection(SolutionProperties) = preSolution
		HideSolutionNode = FALSE
	EndGlobalSection
	GlobalSection(ExtensibilityGlobals) = postSolution
		SolutionGuid = {0F607846-3D70-4586-84B5-E76E27114771}
	EndGlobalSection
EndGlobal
